// !$*UTF8*$!
{
	archiveVersion = 1;
	classes = {
	};
	objectVersion = 56;
	objects = {

/* Begin PBXBuildFile section */
		26B16EB729DAA4C800C2DD86 /* AppDelegate.swift in Sources */ = {isa = PBXBuildFile; fileRef = 26B16EB629DAA4C800C2DD86 /* AppDelegate.swift */; };
		26B16EB929DAA4C800C2DD86 /* SceneDelegate.swift in Sources */ = {isa = PBXBuildFile; fileRef = 26B16EB829DAA4C800C2DD86 /* SceneDelegate.swift */; };
		26B16EBE29DAA4C800C2DD86 /* Main.storyboard in Resources */ = {isa = PBXBuildFile; fileRef = 26B16EBC29DAA4C800C2DD86 /* Main.storyboard */; };
		26B16EC029DAA4CC00C2DD86 /* Assets.xcassets in Resources */ = {isa = PBXBuildFile; fileRef = 26B16EBF29DAA4CC00C2DD86 /* Assets.xcassets */; };
		26B16EC329DAA4CC00C2DD86 /* LaunchScreen.storyboard in Resources */ = {isa = PBXBuildFile; fileRef = 26B16EC129DAA4CC00C2DD86 /* LaunchScreen.storyboard */; };
		26B16ECE29DAA4CC00C2DD86 /* AvenCodingChallengeTests.swift in Sources */ = {isa = PBXBuildFile; fileRef = 26B16ECD29DAA4CC00C2DD86 /* AvenCodingChallengeTests.swift */; };
		26B16ED829DAA4CC00C2DD86 /* AvenCodingChallengeUITests.swift in Sources */ = {isa = PBXBuildFile; fileRef = 26B16ED729DAA4CC00C2DD86 /* AvenCodingChallengeUITests.swift */; };
		26B16EDA29DAA4CC00C2DD86 /* AvenCodingChallengeUITestsLaunchTests.swift in Sources */ = {isa = PBXBuildFile; fileRef = 26B16ED929DAA4CC00C2DD86 /* AvenCodingChallengeUITestsLaunchTests.swift */; };
		26B16EEC29DAA55100C2DD86 /* UIViewController+Extension.swift in Sources */ = {isa = PBXBuildFile; fileRef = 26B16EEB29DAA55100C2DD86 /* UIViewController+Extension.swift */; };
		26B16EEE29DAA5E000C2DD86 /* OrganizationListTableViewController.swift in Sources */ = {isa = PBXBuildFile; fileRef = 26B16EED29DAA5E000C2DD86 /* OrganizationListTableViewController.swift */; };
		26B16EF029DAA66000C2DD86 /* OrganizationDetailTableViewCell.swift in Sources */ = {isa = PBXBuildFile; fileRef = 26B16EEF29DAA66000C2DD86 /* OrganizationDetailTableViewCell.swift */; };
		26B16EF229DAAD0700C2DD86 /* OrganizationDetailTableViewCellProtocol.swift in Sources */ = {isa = PBXBuildFile; fileRef = 26B16EF129DAAD0700C2DD86 /* OrganizationDetailTableViewCellProtocol.swift */; };
		26B16EF429DAAD8F00C2DD86 /* OrganizationDetailViewModel.swift in Sources */ = {isa = PBXBuildFile; fileRef = 26B16EF329DAAD8F00C2DD86 /* OrganizationDetailViewModel.swift */; };
		26B16EF729DAB42500C2DD86 /* APIClient.swift in Sources */ = {isa = PBXBuildFile; fileRef = 26B16EF629DAB42500C2DD86 /* APIClient.swift */; };
		26B16EF929DAB45600C2DD86 /* APIClient+GetOrganizationList.swift in Sources */ = {isa = PBXBuildFile; fileRef = 26B16EF829DAB45600C2DD86 /* APIClient+GetOrganizationList.swift */; };
		26B16EFC29DAB49800C2DD86 /* Organization.swift in Sources */ = {isa = PBXBuildFile; fileRef = 26B16EFB29DAB49800C2DD86 /* Organization.swift */; };
		26B16EFE29DC85C400C2DD86 /* OrganizationListViewModel.swift in Sources */ = {isa = PBXBuildFile; fileRef = 26B16EFD29DC85C400C2DD86 /* OrganizationListViewModel.swift */; };
		26B16F0029DC8C5600C2DD86 /* ImageDownloader.swift in Sources */ = {isa = PBXBuildFile; fileRef = 26B16EFF29DC8C5600C2DD86 /* ImageDownloader.swift */; };
/* End PBXBuildFile section */

/* Begin PBXContainerItemProxy section */
		26B16ECA29DAA4CC00C2DD86 /* PBXContainerItemProxy */ = {
			isa = PBXContainerItemProxy;
			containerPortal = 26B16EAB29DAA4C800C2DD86 /* Project object */;
			proxyType = 1;
			remoteGlobalIDString = 26B16EB229DAA4C800C2DD86;
			remoteInfo = AvenCodingChallenge;
		};
		26B16ED429DAA4CC00C2DD86 /* PBXContainerItemProxy */ = {
			isa = PBXContainerItemProxy;
			containerPortal = 26B16EAB29DAA4C800C2DD86 /* Project object */;
			proxyType = 1;
			remoteGlobalIDString = 26B16EB229DAA4C800C2DD86;
			remoteInfo = AvenCodingChallenge;
		};
/* End PBXContainerItemProxy section */

/* Begin PBXFileReference section */
		26B16EB329DAA4C800C2DD86 /* AvenCodingChallenge.app */ = {isa = PBXFileReference; explicitFileType = wrapper.application; includeInIndex = 0; path = AvenCodingChallenge.app; sourceTree = BUILT_PRODUCTS_DIR; };
		26B16EB629DAA4C800C2DD86 /* AppDelegate.swift */ = {isa = PBXFileReference; lastKnownFileType = sourcecode.swift; path = AppDelegate.swift; sourceTree = "<group>"; };
		26B16EB829DAA4C800C2DD86 /* SceneDelegate.swift */ = {isa = PBXFileReference; lastKnownFileType = sourcecode.swift; path = SceneDelegate.swift; sourceTree = "<group>"; };
		26B16EBD29DAA4C800C2DD86 /* Base */ = {isa = PBXFileReference; lastKnownFileType = file.storyboard; name = Base; path = Base.lproj/Main.storyboard; sourceTree = "<group>"; };
		26B16EBF29DAA4CC00C2DD86 /* Assets.xcassets */ = {isa = PBXFileReference; lastKnownFileType = folder.assetcatalog; path = Assets.xcassets; sourceTree = "<group>"; };
		26B16EC229DAA4CC00C2DD86 /* Base */ = {isa = PBXFileReference; lastKnownFileType = file.storyboard; name = Base; path = Base.lproj/LaunchScreen.storyboard; sourceTree = "<group>"; };
		26B16EC429DAA4CC00C2DD86 /* Info.plist */ = {isa = PBXFileReference; lastKnownFileType = text.plist.xml; path = Info.plist; sourceTree = "<group>"; };
		26B16EC929DAA4CC00C2DD86 /* AvenCodingChallengeTests.xctest */ = {isa = PBXFileReference; explicitFileType = wrapper.cfbundle; includeInIndex = 0; path = AvenCodingChallengeTests.xctest; sourceTree = BUILT_PRODUCTS_DIR; };
		26B16ECD29DAA4CC00C2DD86 /* AvenCodingChallengeTests.swift */ = {isa = PBXFileReference; lastKnownFileType = sourcecode.swift; path = AvenCodingChallengeTests.swift; sourceTree = "<group>"; };
		26B16ED329DAA4CC00C2DD86 /* AvenCodingChallengeUITests.xctest */ = {isa = PBXFileReference; explicitFileType = wrapper.cfbundle; includeInIndex = 0; path = AvenCodingChallengeUITests.xctest; sourceTree = BUILT_PRODUCTS_DIR; };
		26B16ED729DAA4CC00C2DD86 /* AvenCodingChallengeUITests.swift */ = {isa = PBXFileReference; lastKnownFileType = sourcecode.swift; path = AvenCodingChallengeUITests.swift; sourceTree = "<group>"; };
		26B16ED929DAA4CC00C2DD86 /* AvenCodingChallengeUITestsLaunchTests.swift */ = {isa = PBXFileReference; lastKnownFileType = sourcecode.swift; path = AvenCodingChallengeUITestsLaunchTests.swift; sourceTree = "<group>"; };
		26B16EEB29DAA55100C2DD86 /* UIViewController+Extension.swift */ = {isa = PBXFileReference; lastKnownFileType = sourcecode.swift; path = "UIViewController+Extension.swift"; sourceTree = "<group>"; };
		26B16EED29DAA5E000C2DD86 /* OrganizationListTableViewController.swift */ = {isa = PBXFileReference; lastKnownFileType = sourcecode.swift; path = OrganizationListTableViewController.swift; sourceTree = "<group>"; };
		26B16EEF29DAA66000C2DD86 /* OrganizationDetailTableViewCell.swift */ = {isa = PBXFileReference; lastKnownFileType = sourcecode.swift; path = OrganizationDetailTableViewCell.swift; sourceTree = "<group>"; };
		26B16EF129DAAD0700C2DD86 /* OrganizationDetailTableViewCellProtocol.swift */ = {isa = PBXFileReference; lastKnownFileType = sourcecode.swift; path = OrganizationDetailTableViewCellProtocol.swift; sourceTree = "<group>"; };
		26B16EF329DAAD8F00C2DD86 /* OrganizationDetailViewModel.swift */ = {isa = PBXFileReference; lastKnownFileType = sourcecode.swift; path = OrganizationDetailViewModel.swift; sourceTree = "<group>"; };
		26B16EF629DAB42500C2DD86 /* APIClient.swift */ = {isa = PBXFileReference; lastKnownFileType = sourcecode.swift; path = APIClient.swift; sourceTree = "<group>"; };
		26B16EF829DAB45600C2DD86 /* APIClient+GetOrganizationList.swift */ = {isa = PBXFileReference; lastKnownFileType = sourcecode.swift; path = "APIClient+GetOrganizationList.swift"; sourceTree = "<group>"; };
		26B16EFB29DAB49800C2DD86 /* Organization.swift */ = {isa = PBXFileReference; lastKnownFileType = sourcecode.swift; path = Organization.swift; sourceTree = "<group>"; };
		26B16EFD29DC85C400C2DD86 /* OrganizationListViewModel.swift */ = {isa = PBXFileReference; lastKnownFileType = sourcecode.swift; path = OrganizationListViewModel.swift; sourceTree = "<group>"; };
		26B16EFF29DC8C5600C2DD86 /* ImageDownloader.swift */ = {isa = PBXFileReference; lastKnownFileType = sourcecode.swift; path = ImageDownloader.swift; sourceTree = "<group>"; };
/* End PBXFileReference section */

/* Begin PBXFrameworksBuildPhase section */
		26B16EB029DAA4C800C2DD86 /* Frameworks */ = {
			isa = PBXFrameworksBuildPhase;
			buildActionMask = 2147483647;
			files = (
			);
			runOnlyForDeploymentPostprocessing = 0;
		};
		26B16EC629DAA4CC00C2DD86 /* Frameworks */ = {
			isa = PBXFrameworksBuildPhase;
			buildActionMask = 2147483647;
			files = (
			);
			runOnlyForDeploymentPostprocessing = 0;
		};
		26B16ED029DAA4CC00C2DD86 /* Frameworks */ = {
			isa = PBXFrameworksBuildPhase;
			buildActionMask = 2147483647;
			files = (
			);
			runOnlyForDeploymentPostprocessing = 0;
		};
/* End PBXFrameworksBuildPhase section */

/* Begin PBXGroup section */
		26B16EAA29DAA4C800C2DD86 = {
			isa = PBXGroup;
			children = (
				26B16EFA29DAB47C00C2DD86 /* Models */,
				26B16EF529DAB41000C2DD86 /* Service */,
				26B16EEA29DAA52A00C2DD86 /* Extensions */,
				26B16EE929DAA51800C2DD86 /* ViewControllers */,
				26B16EE829DAA50600C2DD86 /* ViewModels */,
				26B16EE729DAA4FD00C2DD86 /* Views */,
				26B16EE629DAA4F200C2DD86 /* Utils */,
				26B16EB529DAA4C800C2DD86 /* AvenCodingChallenge */,
				26B16ECC29DAA4CC00C2DD86 /* AvenCodingChallengeTests */,
				26B16ED629DAA4CC00C2DD86 /* AvenCodingChallengeUITests */,
				26B16EB429DAA4C800C2DD86 /* Products */,
			);
			sourceTree = "<group>";
		};
		26B16EB429DAA4C800C2DD86 /* Products */ = {
			isa = PBXGroup;
			children = (
				26B16EB329DAA4C800C2DD86 /* AvenCodingChallenge.app */,
				26B16EC929DAA4CC00C2DD86 /* AvenCodingChallengeTests.xctest */,
				26B16ED329DAA4CC00C2DD86 /* AvenCodingChallengeUITests.xctest */,
			);
			name = Products;
			sourceTree = "<group>";
		};
		26B16EB529DAA4C800C2DD86 /* AvenCodingChallenge */ = {
			isa = PBXGroup;
			children = (
				26B16EB629DAA4C800C2DD86 /* AppDelegate.swift */,
				26B16EB829DAA4C800C2DD86 /* SceneDelegate.swift */,
				26B16EBC29DAA4C800C2DD86 /* Main.storyboard */,
				26B16EBF29DAA4CC00C2DD86 /* Assets.xcassets */,
				26B16EC129DAA4CC00C2DD86 /* LaunchScreen.storyboard */,
				26B16EC429DAA4CC00C2DD86 /* Info.plist */,
			);
			path = AvenCodingChallenge;
			sourceTree = "<group>";
		};
		26B16ECC29DAA4CC00C2DD86 /* AvenCodingChallengeTests */ = {
			isa = PBXGroup;
			children = (
				26B16ECD29DAA4CC00C2DD86 /* AvenCodingChallengeTests.swift */,
			);
			path = AvenCodingChallengeTests;
			sourceTree = "<group>";
		};
		26B16ED629DAA4CC00C2DD86 /* AvenCodingChallengeUITests */ = {
			isa = PBXGroup;
			children = (
				26B16ED729DAA4CC00C2DD86 /* AvenCodingChallengeUITests.swift */,
				26B16ED929DAA4CC00C2DD86 /* AvenCodingChallengeUITestsLaunchTests.swift */,
			);
			path = AvenCodingChallengeUITests;
			sourceTree = "<group>";
		};
		26B16EE629DAA4F200C2DD86 /* Utils */ = {
			isa = PBXGroup;
			children = (
				26B16EFF29DC8C5600C2DD86 /* ImageDownloader.swift */,
			);
			path = Utils;
			sourceTree = "<group>";
		};
		26B16EE729DAA4FD00C2DD86 /* Views */ = {
			isa = PBXGroup;
			children = (
				26B16EEF29DAA66000C2DD86 /* OrganizationDetailTableViewCell.swift */,
			);
			path = Views;
			sourceTree = "<group>";
		};
		26B16EE829DAA50600C2DD86 /* ViewModels */ = {
			isa = PBXGroup;
			children = (
				26B16EF329DAAD8F00C2DD86 /* OrganizationDetailViewModel.swift */,
				26B16EFD29DC85C400C2DD86 /* OrganizationListViewModel.swift */,
			);
			path = ViewModels;
			sourceTree = "<group>";
		};
		26B16EE929DAA51800C2DD86 /* ViewControllers */ = {
			isa = PBXGroup;
			children = (
				26B16EED29DAA5E000C2DD86 /* OrganizationListTableViewController.swift */,
			);
			path = ViewControllers;
			sourceTree = "<group>";
		};
		26B16EEA29DAA52A00C2DD86 /* Extensions */ = {
			isa = PBXGroup;
			children = (
				26B16EEB29DAA55100C2DD86 /* UIViewController+Extension.swift */,
				26B16EF129DAAD0700C2DD86 /* OrganizationDetailTableViewCellProtocol.swift */,
			);
			path = Extensions;
			sourceTree = "<group>";
		};
		26B16EF529DAB41000C2DD86 /* Service */ = {
			isa = PBXGroup;
			children = (
				26B16EF629DAB42500C2DD86 /* APIClient.swift */,
				26B16EF829DAB45600C2DD86 /* APIClient+GetOrganizationList.swift */,
			);
			path = Service;
			sourceTree = "<group>";
		};
		26B16EFA29DAB47C00C2DD86 /* Models */ = {
			isa = PBXGroup;
			children = (
				26B16EFB29DAB49800C2DD86 /* Organization.swift */,
			);
			path = Models;
			sourceTree = "<group>";
		};
/* End PBXGroup section */

/* Begin PBXNativeTarget section */
		26B16EB229DAA4C800C2DD86 /* AvenCodingChallenge */ = {
			isa = PBXNativeTarget;
			buildConfigurationList = 26B16EDD29DAA4CC00C2DD86 /* Build configuration list for PBXNativeTarget "AvenCodingChallenge" */;
			buildPhases = (
				26B16EAF29DAA4C800C2DD86 /* Sources */,
				26B16EB029DAA4C800C2DD86 /* Frameworks */,
				26B16EB129DAA4C800C2DD86 /* Resources */,
			);
			buildRules = (
			);
			dependencies = (
			);
			name = AvenCodingChallenge;
			productName = AvenCodingChallenge;
			productReference = 26B16EB329DAA4C800C2DD86 /* AvenCodingChallenge.app */;
			productType = "com.apple.product-type.application";
		};
		26B16EC829DAA4CC00C2DD86 /* AvenCodingChallengeTests */ = {
			isa = PBXNativeTarget;
			buildConfigurationList = 26B16EE029DAA4CC00C2DD86 /* Build configuration list for PBXNativeTarget "AvenCodingChallengeTests" */;
			buildPhases = (
				26B16EC529DAA4CC00C2DD86 /* Sources */,
				26B16EC629DAA4CC00C2DD86 /* Frameworks */,
				26B16EC729DAA4CC00C2DD86 /* Resources */,
			);
			buildRules = (
			);
			dependencies = (
				26B16ECB29DAA4CC00C2DD86 /* PBXTargetDependency */,
			);
			name = AvenCodingChallengeTests;
			productName = AvenCodingChallengeTests;
			productReference = 26B16EC929DAA4CC00C2DD86 /* AvenCodingChallengeTests.xctest */;
			productType = "com.apple.product-type.bundle.unit-test";
		};
		26B16ED229DAA4CC00C2DD86 /* AvenCodingChallengeUITests */ = {
			isa = PBXNativeTarget;
			buildConfigurationList = 26B16EE329DAA4CC00C2DD86 /* Build configuration list for PBXNativeTarget "AvenCodingChallengeUITests" */;
			buildPhases = (
				26B16ECF29DAA4CC00C2DD86 /* Sources */,
				26B16ED029DAA4CC00C2DD86 /* Frameworks */,
				26B16ED129DAA4CC00C2DD86 /* Resources */,
			);
			buildRules = (
			);
			dependencies = (
				26B16ED529DAA4CC00C2DD86 /* PBXTargetDependency */,
			);
			name = AvenCodingChallengeUITests;
			productName = AvenCodingChallengeUITests;
			productReference = 26B16ED329DAA4CC00C2DD86 /* AvenCodingChallengeUITests.xctest */;
			productType = "com.apple.product-type.bundle.ui-testing";
		};
/* End PBXNativeTarget section */

/* Begin PBXProject section */
		26B16EAB29DAA4C800C2DD86 /* Project object */ = {
			isa = PBXProject;
			attributes = {
				BuildIndependentTargetsInParallel = 1;
				LastSwiftUpdateCheck = 1420;
				LastUpgradeCheck = 1420;
				TargetAttributes = {
					26B16EB229DAA4C800C2DD86 = {
						CreatedOnToolsVersion = 14.2;
					};
					26B16EC829DAA4CC00C2DD86 = {
						CreatedOnToolsVersion = 14.2;
						TestTargetID = 26B16EB229DAA4C800C2DD86;
					};
					26B16ED229DAA4CC00C2DD86 = {
						CreatedOnToolsVersion = 14.2;
						TestTargetID = 26B16EB229DAA4C800C2DD86;
					};
				};
			};
			buildConfigurationList = 26B16EAE29DAA4C800C2DD86 /* Build configuration list for PBXProject "AvenCodingChallenge" */;
			compatibilityVersion = "Xcode 14.0";
			developmentRegion = en;
			hasScannedForEncodings = 0;
			knownRegions = (
				en,
				Base,
			);
			mainGroup = 26B16EAA29DAA4C800C2DD86;
			productRefGroup = 26B16EB429DAA4C800C2DD86 /* Products */;
			projectDirPath = "";
			projectRoot = "";
			targets = (
				26B16EB229DAA4C800C2DD86 /* AvenCodingChallenge */,
				26B16EC829DAA4CC00C2DD86 /* AvenCodingChallengeTests */,
				26B16ED229DAA4CC00C2DD86 /* AvenCodingChallengeUITests */,
			);
		};
/* End PBXProject section */

/* Begin PBXResourcesBuildPhase section */
		26B16EB129DAA4C800C2DD86 /* Resources */ = {
			isa = PBXResourcesBuildPhase;
			buildActionMask = 2147483647;
			files = (
				26B16EC329DAA4CC00C2DD86 /* LaunchScreen.storyboard in Resources */,
				26B16EC029DAA4CC00C2DD86 /* Assets.xcassets in Resources */,
				26B16EBE29DAA4C800C2DD86 /* Main.storyboard in Resources */,
			);
			runOnlyForDeploymentPostprocessing = 0;
		};
		26B16EC729DAA4CC00C2DD86 /* Resources */ = {
			isa = PBXResourcesBuildPhase;
			buildActionMask = 2147483647;
			files = (
			);
			runOnlyForDeploymentPostprocessing = 0;
		};
		26B16ED129DAA4CC00C2DD86 /* Resources */ = {
			isa = PBXResourcesBuildPhase;
			buildActionMask = 2147483647;
			files = (
			);
			runOnlyForDeploymentPostprocessing = 0;
		};
/* End PBXResourcesBuildPhase section */

/* Begin PBXSourcesBuildPhase section */
		26B16EAF29DAA4C800C2DD86 /* Sources */ = {
			isa = PBXSourcesBuildPhase;
			buildActionMask = 2147483647;
			files = (
				26B16EF429DAAD8F00C2DD86 /* OrganizationDetailViewModel.swift in Sources */,
				26B16EF929DAB45600C2DD86 /* APIClient+GetOrganizationList.swift in Sources */,
				26B16F0029DC8C5600C2DD86 /* ImageDownloader.swift in Sources */,
				26B16EFC29DAB49800C2DD86 /* Organization.swift in Sources */,
				26B16EEC29DAA55100C2DD86 /* UIViewController+Extension.swift in Sources */,
				26B16EEE29DAA5E000C2DD86 /* OrganizationListTableViewController.swift in Sources */,
				26B16EF029DAA66000C2DD86 /* OrganizationDetailTableViewCell.swift in Sources */,
				26B16EB729DAA4C800C2DD86 /* AppDelegate.swift in Sources */,
				26B16EB929DAA4C800C2DD86 /* SceneDelegate.swift in Sources */,
				26B16EF229DAAD0700C2DD86 /* OrganizationDetailTableViewCellProtocol.swift in Sources */,
				26B16EF729DAB42500C2DD86 /* APIClient.swift in Sources */,
				26B16EFE29DC85C400C2DD86 /* OrganizationListViewModel.swift in Sources */,
			);
			runOnlyForDeploymentPostprocessing = 0;
		};
		26B16EC529DAA4CC00C2DD86 /* Sources */ = {
			isa = PBXSourcesBuildPhase;
			buildActionMask = 2147483647;
			files = (
				26B16ECE29DAA4CC00C2DD86 /* AvenCodingChallengeTests.swift in Sources */,
			);
			runOnlyForDeploymentPostprocessing = 0;
		};
		26B16ECF29DAA4CC00C2DD86 /* Sources */ = {
			isa = PBXSourcesBuildPhase;
			buildActionMask = 2147483647;
			files = (
				26B16EDA29DAA4CC00C2DD86 /* AvenCodingChallengeUITestsLaunchTests.swift in Sources */,
				26B16ED829DAA4CC00C2DD86 /* AvenCodingChallengeUITests.swift in Sources */,
			);
			runOnlyForDeploymentPostprocessing = 0;
		};
/* End PBXSourcesBuildPhase section */

/* Begin PBXTargetDependency section */
		26B16ECB29DAA4CC00C2DD86 /* PBXTargetDependency */ = {
			isa = PBXTargetDependency;
			target = 26B16EB229DAA4C800C2DD86 /* AvenCodingChallenge */;
			targetProxy = 26B16ECA29DAA4CC00C2DD86 /* PBXContainerItemProxy */;
		};
		26B16ED529DAA4CC00C2DD86 /* PBXTargetDependency */ = {
			isa = PBXTargetDependency;
			target = 26B16EB229DAA4C800C2DD86 /* AvenCodingChallenge */;
			targetProxy = 26B16ED429DAA4CC00C2DD86 /* PBXContainerItemProxy */;
		};
/* End PBXTargetDependency section */

/* Begin PBXVariantGroup section */
		26B16EBC29DAA4C800C2DD86 /* Main.storyboard */ = {
			isa = PBXVariantGroup;
			children = (
				26B16EBD29DAA4C800C2DD86 /* Base */,
			);
			name = Main.storyboard;
			sourceTree = "<group>";
		};
		26B16EC129DAA4CC00C2DD86 /* LaunchScreen.storyboard */ = {
			isa = PBXVariantGroup;
			children = (
				26B16EC229DAA4CC00C2DD86 /* Base */,
			);
			name = LaunchScreen.storyboard;
			sourceTree = "<group>";
		};
/* End PBXVariantGroup section */

/* Begin XCBuildConfiguration section */
		26B16EDB29DAA4CC00C2DD86 /* Debug */ = {
			isa = XCBuildConfiguration;
			buildSettings = {
				ALWAYS_SEARCH_USER_PATHS = NO;
				CLANG_ANALYZER_NONNULL = YES;
				CLANG_ANALYZER_NUMBER_OBJECT_CONVERSION = YES_AGGRESSIVE;
				CLANG_CXX_LANGUAGE_STANDARD = "gnu++20";
				CLANG_ENABLE_MODULES = YES;
				CLANG_ENABLE_OBJC_ARC = YES;
				CLANG_ENABLE_OBJC_WEAK = YES;
				CLANG_WARN_BLOCK_CAPTURE_AUTORELEASING = YES;
				CLANG_WARN_BOOL_CONVERSION = YES;
				CLANG_WARN_COMMA = YES;
				CLANG_WARN_CONSTANT_CONVERSION = YES;
				CLANG_WARN_DEPRECATED_OBJC_IMPLEMENTATIONS = YES;
				CLANG_WARN_DIRECT_OBJC_ISA_USAGE = YES_ERROR;
				CLANG_WARN_DOCUMENTATION_COMMENTS = YES;
				CLANG_WARN_EMPTY_BODY = YES;
				CLANG_WARN_ENUM_CONVERSION = YES;
				CLANG_WARN_INFINITE_RECURSION = YES;
				CLANG_WARN_INT_CONVERSION = YES;
				CLANG_WARN_NON_LITERAL_NULL_CONVERSION = YES;
				CLANG_WARN_OBJC_IMPLICIT_RETAIN_SELF = YES;
				CLANG_WARN_OBJC_LITERAL_CONVERSION = YES;
				CLANG_WARN_OBJC_ROOT_CLASS = YES_ERROR;
				CLANG_WARN_QUOTED_INCLUDE_IN_FRAMEWORK_HEADER = YES;
				CLANG_WARN_RANGE_LOOP_ANALYSIS = YES;
				CLANG_WARN_STRICT_PROTOTYPES = YES;
				CLANG_WARN_SUSPICIOUS_MOVE = YES;
				CLANG_WARN_UNGUARDED_AVAILABILITY = YES_AGGRESSIVE;
				CLANG_WARN_UNREACHABLE_CODE = YES;
				CLANG_WARN__DUPLICATE_METHOD_MATCH = YES;
				COPY_PHASE_STRIP = NO;
				DEBUG_INFORMATION_FORMAT = dwarf;
				ENABLE_STRICT_OBJC_MSGSEND = YES;
				ENABLE_TESTABILITY = YES;
				GCC_C_LANGUAGE_STANDARD = gnu11;
				GCC_DYNAMIC_NO_PIC = NO;
				GCC_NO_COMMON_BLOCKS = YES;
				GCC_OPTIMIZATION_LEVEL = 0;
				GCC_PREPROCESSOR_DEFINITIONS = (
					"DEBUG=1",
					"$(inherited)",
				);
				GCC_WARN_64_TO_32_BIT_CONVERSION = YES;
				GCC_WARN_ABOUT_RETURN_TYPE = YES_ERROR;
				GCC_WARN_UNDECLARED_SELECTOR = YES;
				GCC_WARN_UNINITIALIZED_AUTOS = YES_AGGRESSIVE;
				GCC_WARN_UNUSED_FUNCTION = YES;
				GCC_WARN_UNUSED_VARIABLE = YES;
				IPHONEOS_DEPLOYMENT_TARGET = 16.2;
				MTL_ENABLE_DEBUG_INFO = INCLUDE_SOURCE;
				MTL_FAST_MATH = YES;
				ONLY_ACTIVE_ARCH = YES;
				SDKROOT = iphoneos;
				SWIFT_ACTIVE_COMPILATION_CONDITIONS = DEBUG;
				SWIFT_OPTIMIZATION_LEVEL = "-Onone";
			};
			name = Debug;
		};
		26B16EDC29DAA4CC00C2DD86 /* Release */ = {
			isa = XCBuildConfiguration;
			buildSettings = {
				ALWAYS_SEARCH_USER_PATHS = NO;
				CLANG_ANALYZER_NONNULL = YES;
				CLANG_ANALYZER_NUMBER_OBJECT_CONVERSION = YES_AGGRESSIVE;
				CLANG_CXX_LANGUAGE_STANDARD = "gnu++20";
				CLANG_ENABLE_MODULES = YES;
				CLANG_ENABLE_OBJC_ARC = YES;
				CLANG_ENABLE_OBJC_WEAK = YES;
				CLANG_WARN_BLOCK_CAPTURE_AUTORELEASING = YES;
				CLANG_WARN_BOOL_CONVERSION = YES;
				CLANG_WARN_COMMA = YES;
				CLANG_WARN_CONSTANT_CONVERSION = YES;
				CLANG_WARN_DEPRECATED_OBJC_IMPLEMENTATIONS = YES;
				CLANG_WARN_DIRECT_OBJC_ISA_USAGE = YES_ERROR;
				CLANG_WARN_DOCUMENTATION_COMMENTS = YES;
				CLANG_WARN_EMPTY_BODY = YES;
				CLANG_WARN_ENUM_CONVERSION = YES;
				CLANG_WARN_INFINITE_RECURSION = YES;
				CLANG_WARN_INT_CONVERSION = YES;
				CLANG_WARN_NON_LITERAL_NULL_CONVERSION = YES;
				CLANG_WARN_OBJC_IMPLICIT_RETAIN_SELF = YES;
				CLANG_WARN_OBJC_LITERAL_CONVERSION = YES;
				CLANG_WARN_OBJC_ROOT_CLASS = YES_ERROR;
				CLANG_WARN_QUOTED_INCLUDE_IN_FRAMEWORK_HEADER = YES;
				CLANG_WARN_RANGE_LOOP_ANALYSIS = YES;
				CLANG_WARN_STRICT_PROTOTYPES = YES;
				CLANG_WARN_SUSPICIOUS_MOVE = YES;
				CLANG_WARN_UNGUARDED_AVAILABILITY = YES_AGGRESSIVE;
				CLANG_WARN_UNREACHABLE_CODE = YES;
				CLANG_WARN__DUPLICATE_METHOD_MATCH = YES;
				COPY_PHASE_STRIP = NO;
				DEBUG_INFORMATION_FORMAT = "dwarf-with-dsym";
				ENABLE_NS_ASSERTIONS = NO;
				ENABLE_STRICT_OBJC_MSGSEND = YES;
				GCC_C_LANGUAGE_STANDARD = gnu11;
				GCC_NO_COMMON_BLOCKS = YES;
				GCC_WARN_64_TO_32_BIT_CONVERSION = YES;
				GCC_WARN_ABOUT_RETURN_TYPE = YES_ERROR;
				GCC_WARN_UNDECLARED_SELECTOR = YES;
				GCC_WARN_UNINITIALIZED_AUTOS = YES_AGGRESSIVE;
				GCC_WARN_UNUSED_FUNCTION = YES;
				GCC_WARN_UNUSED_VARIABLE = YES;
				IPHONEOS_DEPLOYMENT_TARGET = 16.2;
				MTL_ENABLE_DEBUG_INFO = NO;
				MTL_FAST_MATH = YES;
				SDKROOT = iphoneos;
				SWIFT_COMPILATION_MODE = wholemodule;
				SWIFT_OPTIMIZATION_LEVEL = "-O";
				VALIDATE_PRODUCT = YES;
			};
			name = Release;
		};
		26B16EDE29DAA4CC00C2DD86 /* Debug */ = {
			isa = XCBuildConfiguration;
			buildSettings = {
				ASSETCATALOG_COMPILER_APPICON_NAME = AppIcon;
				ASSETCATALOG_COMPILER_GLOBAL_ACCENT_COLOR_NAME = AccentColor;
				CODE_SIGN_STYLE = Automatic;
				CURRENT_PROJECT_VERSION = 1;
				GENERATE_INFOPLIST_FILE = YES;
				INFOPLIST_FILE = AvenCodingChallenge/Info.plist;
				INFOPLIST_KEY_UIApplicationSupportsIndirectInputEvents = YES;
				INFOPLIST_KEY_UILaunchStoryboardName = LaunchScreen;
				INFOPLIST_KEY_UIMainStoryboardFile = Main;
				INFOPLIST_KEY_UISupportedInterfaceOrientations_iPad = "UIInterfaceOrientationPortrait UIInterfaceOrientationPortraitUpsideDown UIInterfaceOrientationLandscapeLeft UIInterfaceOrientationLandscapeRight";
				INFOPLIST_KEY_UISupportedInterfaceOrientations_iPhone = "UIInterfaceOrientationPortrait UIInterfaceOrientationLandscapeLeft UIInterfaceOrientationLandscapeRight";
				LD_RUNPATH_SEARCH_PATHS = (
					"$(inherited)",
					"@executable_path/Frameworks",
				);
				MARKETING_VERSION = 1.0;
				PRODUCT_BUNDLE_IDENTIFIER = com.aven.challenge.AvenCodingChallenge;
				PRODUCT_NAME = "$(TARGET_NAME)";
				SWIFT_EMIT_LOC_STRINGS = YES;
				SWIFT_VERSION = 5.0;
				TARGETED_DEVICE_FAMILY = "1,2";
			};
			name = Debug;
		};
		26B16EDF29DAA4CC00C2DD86 /* Release */ = {
			isa = XCBuildConfiguration;
			buildSettings = {
				ASSETCATALOG_COMPILER_APPICON_NAME = AppIcon;
				ASSETCATALOG_COMPILER_GLOBAL_ACCENT_COLOR_NAME = AccentColor;
				CODE_SIGN_STYLE = Automatic;
				CURRENT_PROJECT_VERSION = 1;
				GENERATE_INFOPLIST_FILE = YES;
				INFOPLIST_FILE = AvenCodingChallenge/Info.plist;
				INFOPLIST_KEY_UIApplicationSupportsIndirectInputEvents = YES;
				INFOPLIST_KEY_UILaunchStoryboardName = LaunchScreen;
				INFOPLIST_KEY_UIMainStoryboardFile = Main;
				INFOPLIST_KEY_UISupportedInterfaceOrientations_iPad = "UIInterfaceOrientationPortrait UIInterfaceOrientationPortraitUpsideDown UIInterfaceOrientationLandscapeLeft UIInterfaceOrientationLandscapeRight";
				INFOPLIST_KEY_UISupportedInterfaceOrientations_iPhone = "UIInterfaceOrientationPortrait UIInterfaceOrientationLandscapeLeft UIInterfaceOrientationLandscapeRight";
				LD_RUNPATH_SEARCH_PATHS = (
					"$(inherited)",
					"@executable_path/Frameworks",
				);
				MARKETING_VERSION = 1.0;
				PRODUCT_BUNDLE_IDENTIFIER = com.aven.challenge.AvenCodingChallenge;
				PRODUCT_NAME = "$(TARGET_NAME)";
				SWIFT_EMIT_LOC_STRINGS = YES;
				SWIFT_VERSION = 5.0;
				TARGETED_DEVICE_FAMILY = "1,2";
			};
			name = Release;
		};
		26B16EE129DAA4CC00C2DD86 /* Debug */ = {
			isa = XCBuildConfiguration;
			buildSettings = {
				ALWAYS_EMBED_SWIFT_STANDARD_LIBRARIES = YES;
				BUNDLE_LOADER = "$(TEST_HOST)";
				CODE_SIGN_STYLE = Automatic;
				CURRENT_PROJECT_VERSION = 1;
				GENERATE_INFOPLIST_FILE = YES;
				IPHONEOS_DEPLOYMENT_TARGET = 16.2;
				MARKETING_VERSION = 1.0;
				PRODUCT_BUNDLE_IDENTIFIER = com.aven.challenge.AvenCodingChallengeTests;
				PRODUCT_NAME = "$(TARGET_NAME)";
				SWIFT_EMIT_LOC_STRINGS = NO;
				SWIFT_VERSION = 5.0;
				TARGETED_DEVICE_FAMILY = "1,2";
				TEST_HOST = "$(BUILT_PRODUCTS_DIR)/AvenCodingChallenge.app/$(BUNDLE_EXECUTABLE_FOLDER_PATH)/AvenCodingChallenge";
			};
			name = Debug;
		};
		26B16EE229DAA4CC00C2DD86 /* Release */ = {
			isa = XCBuildConfiguration;
			buildSettings = {
				ALWAYS_EMBED_SWIFT_STANDARD_LIBRARIES = YES;
				BUNDLE_LOADER = "$(TEST_HOST)";
				CODE_SIGN_STYLE = Automatic;
				CURRENT_PROJECT_VERSION = 1;
				GENERATE_INFOPLIST_FILE = YES;
				IPHONEOS_DEPLOYMENT_TARGET = 16.2;
				MARKETING_VERSION = 1.0;
				PRODUCT_BUNDLE_IDENTIFIER = com.aven.challenge.AvenCodingChallengeTests;
				PRODUCT_NAME = "$(TARGET_NAME)";
				SWIFT_EMIT_LOC_STRINGS = NO;
				SWIFT_VERSION = 5.0;
				TARGETED_DEVICE_FAMILY = "1,2";
				TEST_HOST = "$(BUILT_PRODUCTS_DIR)/AvenCodingChallenge.app/$(BUNDLE_EXECUTABLE_FOLDER_PATH)/AvenCodingChallenge";
			};
			name = Release;
		};
		26B16EE429DAA4CC00C2DD86 /* Debug */ = {
			isa = XCBuildConfiguration;
			buildSettings = {
				ALWAYS_EMBED_SWIFT_STANDARD_LIBRARIES = YES;
				CODE_SIGN_STYLE = Automatic;
				CURRENT_PROJECT_VERSION = 1;
				GENERATE_INFOPLIST_FILE = YES;
				MARKETING_VERSION = 1.0;
				PRODUCT_BUNDLE_IDENTIFIER = com.aven.challenge.AvenCodingChallengeUITests;
				PRODUCT_NAME = "$(TARGET_NAME)";
				SWIFT_EMIT_LOC_STRINGS = NO;
				SWIFT_VERSION = 5.0;
				TARGETED_DEVICE_FAMILY = "1,2";
				TEST_TARGET_NAME = AvenCodingChallenge;
			};
			name = Debug;
		};
		26B16EE529DAA4CC00C2DD86 /* Release */ = {
			isa = XCBuildConfiguration;
			buildSettings = {
				ALWAYS_EMBED_SWIFT_STANDARD_LIBRARIES = YES;
				CODE_SIGN_STYLE = Automatic;
				CURRENT_PROJECT_VERSION = 1;
				GENERATE_INFOPLIST_FILE = YES;
				MARKETING_VERSION = 1.0;
				PRODUCT_BUNDLE_IDENTIFIER = com.aven.challenge.AvenCodingChallengeUITests;
				PRODUCT_NAME = "$(TARGET_NAME)";
				SWIFT_EMIT_LOC_STRINGS = NO;
				SWIFT_VERSION = 5.0;
				TARGETED_DEVICE_FAMILY = "1,2";
				TEST_TARGET_NAME = AvenCodingChallenge;
			};
			name = Release;
		};
/* End XCBuildConfiguration section */

/* Begin XCConfigurationList section */
		26B16EAE29DAA4C800C2DD86 /* Build configuration list for PBXProject "AvenCodingChallenge" */ = {
			isa = XCConfigurationList;
			buildConfigurations = (
				26B16EDB29DAA4CC00C2DD86 /* Debug */,
				26B16EDC29DAA4CC00C2DD86 /* Release */,
			);
			defaultConfigurationIsVisible = 0;
			defaultConfigurationName = Release;
		};
		26B16EDD29DAA4CC00C2DD86 /* Build configuration list for PBXNativeTarget "AvenCodingChallenge" */ = {
			isa = XCConfigurationList;
			buildConfigurations = (
				26B16EDE29DAA4CC00C2DD86 /* Debug */,
				26B16EDF29DAA4CC00C2DD86 /* Release */,
			);
			defaultConfigurationIsVisible = 0;
			defaultConfigurationName = Release;
		};
		26B16EE029DAA4CC00C2DD86 /* Build configuration list for PBXNativeTarget "AvenCodingChallengeTests" */ = {
			isa = XCConfigurationList;
			buildConfigurations = (
				26B16EE129DAA4CC00C2DD86 /* Debug */,
				26B16EE229DAA4CC00C2DD86 /* Release */,
			);
			defaultConfigurationIsVisible = 0;
			defaultConfigurationName = Release;
		};
		26B16EE329DAA4CC00C2DD86 /* Build configuration list for PBXNativeTarget "AvenCodingChallengeUITests" */ = {
			isa = XCConfigurationList;
			buildConfigurations = (
				26B16EE429DAA4CC00C2DD86 /* Debug */,
				26B16EE529DAA4CC00C2DD86 /* Release */,
			);
			defaultConfigurationIsVisible = 0;
			defaultConfigurationName = Release;
		};
/* End XCConfigurationList section */
	};
	rootObject = 26B16EAB29DAA4C800C2DD86 /* Project object */;
}
